
Microsoft Visual Studio Solution File, Format Version 12.00
# Visual Studio 14
VisualStudioVersion = 14.0.23107.0
MinimumVisualStudioVersion = 10.0.40219.1
Project("{2150E333-8FDC-42A3-9474-1A3956D46DE8}") = "src", "src", "{40AA0454-70B0-4672-A560-6DEADA882634}"
EndProject
Project("{2150E333-8FDC-42A3-9474-1A3956D46DE8}") = "Solution Items", "Solution Items", "{2D688AEF-F850-40B3-8497-1A1B4FC99BD5}"
	ProjectSection(SolutionItems) = preProject
		global.json = global.json
	EndProjectSection
EndProject
Project("{8BB2217D-0F2D-49D1-97BC-3654ED321F3B}") = "MvcMovie", "src\MvcMovie\MvcMovie.xproj", "{96E1BB36-B9DA-471F-AD37-2CBB105FF5AC}"
EndProject
Global
	GlobalSection(SolutionConfigurationPlatforms) = preSolution
		Debug|Any CPU = Debug|Any CPU
		Release|Any CPU = Release|Any CPU
	EndGlobalSection
	GlobalSection(ProjectConfigurationPlatforms) = postSolution
		{96E1BB36-B9DA-471F-AD37-2CBB105FF5AC}.Debug|Any CPU.ActiveCfg = Debug|Any CPU
		{96E1BB36-B9DA-471F-AD37-2CBB105FF5AC}.Debug|Any CPU.Build.0 = Debug|Any CPU
		{96E1BB36-B9DA-471F-AD37-2CBB105FF5AC}.Release|Any CPU.ActiveCfg = Release|Any CPU
		{96E1BB36-B9DA-471F-AD37-2CBB105FF5AC}.Release|Any CPU.Build.0 = Release|Any CPU
	EndGlobalSection
	GlobalSection(SolutionProperties) = preSolution
		HideSolutionNode = FALSE
	EndGlobalSection
	GlobalSection(NestedProjects) = preSolution
		{96E1BB36-B9DA-471F-AD37-2CBB105FF5AC} = {40AA0454-70B0-4672-A560-6DEADA882634}
	EndGlobalSection
EndGlobal
